
Microsoft Visual Studio Solution File, Format Version 12.00
# Visual Studio Version 16
VisualStudioVersion = 16.0.30523.141
MinimumVisualStudioVersion = 10.0.40219.1
Project("{FAE04EC0-301F-11D3-BF4B-00C04F79EFBC}") = "Demo Tahtası", "Demo Tahtası.csproj", "{E92E3C85-BEC0-44C8-A3C6-961028989BE4}"
EndProject
Global
	GlobalSection(SolutionConfigurationPlatforms) = preSolution
		Debug|Any CPU = Debug|Any CPU
		Release|Any CPU = Release|Any CPU
	EndGlobalSection
	GlobalSection(ProjectConfigurationPlatforms) = postSolution
		{E92E3C85-BEC0-44C8-A3C6-961028989BE4}.Debug|Any CPU.ActiveCfg = Debug|Any CPU
		{E92E3C85-BEC0-44C8-A3C6-961028989BE4}.Debug|Any CPU.Build.0 = Debug|Any CPU
		{E92E3C85-BEC0-44C8-A3C6-961028989BE4}.Release|Any CPU.ActiveCfg = Release|Any CPU
		{E92E3C85-BEC0-44C8-A3C6-961028989BE4}.Release|Any CPU.Build.0 = Release|Any CPU
	EndGlobalSection
	GlobalSection(SolutionProperties) = preSolution
		HideSolutionNode = FALSE
	EndGlobalSection
	GlobalSection(ExtensibilityGlobals) = postSolution
		SolutionGuid = {C9AD1379-98CD-4321-A5F7-C3A0013B411C}
	EndGlobalSection
EndGlobal
